
Microsoft Visual Studio Solution File, Format Version 12.00
# Visual Studio Version 17
VisualStudioVersion = 17.7.34031.279
MinimumVisualStudioVersion = 10.0.40219.1
Project("{FAE04EC0-301F-11D3-BF4B-00C04F79EFBC}") = "CinemaManager-GDG2", "CinemaManager-GDG2\CinemaManager-GDG2.csproj", "{C37A8300-0B72-40C1-9C7D-88591F055462}"
EndProject
Global
	GlobalSection(SolutionConfigurationPlatforms) = preSolution
		Debug|Any CPU = Debug|Any CPU
		Release|Any CPU = Release|Any CPU
	EndGlobalSection
	GlobalSection(ProjectConfigurationPlatforms) = postSolution
		{C37A8300-0B72-40C1-9C7D-88591F055462}.Debug|Any CPU.ActiveCfg = Debug|Any CPU
		{C37A8300-0B72-40C1-9C7D-88591F055462}.Debug|Any CPU.Build.0 = Debug|Any CPU
		{C37A8300-0B72-40C1-9C7D-88591F055462}.Release|Any CPU.ActiveCfg = Release|Any CPU
		{C37A8300-0B72-40C1-9C7D-88591F055462}.Release|Any CPU.Build.0 = Release|Any CPU
	EndGlobalSection
	GlobalSection(SolutionProperties) = preSolution
		HideSolutionNode = FALSE
	EndGlobalSection
	GlobalSection(ExtensibilityGlobals) = postSolution
		SolutionGuid = {D7E979B8-8268-4F61-870B-B5F45C88454E}
	EndGlobalSection
EndGlobal
